
Microsoft Visual Studio Solution File, Format Version 12.00
# Visual Studio 14
VisualStudioVersion = 14.0.23107.0
MinimumVisualStudioVersion = 10.0.40219.1
Project("{8BC9CEB8-8B4A-11D0-8D11-00A0C91BC942}") = "MyToolbox", "MyToolbox\MyToolbox.vcxproj", "{8738BF3D-4B09-46E7-B3B2-61A24E2C27AB}"
EndProject
Project("{8BC9CEB8-8B4A-11D0-8D11-00A0C91BC942}") = "zcking.quest.0", "zcking.quest.0\zcking.quest.0.vcxproj", "{C42CA014-B164-4540-B883-1AAAEB768DEA}"
EndProject
Global
	GlobalSection(SolutionConfigurationPlatforms) = preSolution
		Debug|x64 = Debug|x64
		Debug|x86 = Debug|x86
		Release|x64 = Release|x64
		Release|x86 = Release|x86
	EndGlobalSection
	GlobalSection(ProjectConfigurationPlatforms) = postSolution
		{8738BF3D-4B09-46E7-B3B2-61A24E2C27AB}.Debug|x64.ActiveCfg = Debug|x64
		{8738BF3D-4B09-46E7-B3B2-61A24E2C27AB}.Debug|x64.Build.0 = Debug|x64
		{8738BF3D-4B09-46E7-B3B2-61A24E2C27AB}.Debug|x86.ActiveCfg = Debug|Win32
		{8738BF3D-4B09-46E7-B3B2-61A24E2C27AB}.Debug|x86.Build.0 = Debug|Win32
		{8738BF3D-4B09-46E7-B3B2-61A24E2C27AB}.Release|x64.ActiveCfg = Release|x64
		{8738BF3D-4B09-46E7-B3B2-61A24E2C27AB}.Release|x64.Build.0 = Release|x64
		{8738BF3D-4B09-46E7-B3B2-61A24E2C27AB}.Release|x86.ActiveCfg = Release|Win32
		{8738BF3D-4B09-46E7-B3B2-61A24E2C27AB}.Release|x86.Build.0 = Release|Win32
		{C42CA014-B164-4540-B883-1AAAEB768DEA}.Debug|x64.ActiveCfg = Debug|Win32
		{C42CA014-B164-4540-B883-1AAAEB768DEA}.Debug|x86.ActiveCfg = Debug|Win32
		{C42CA014-B164-4540-B883-1AAAEB768DEA}.Debug|x86.Build.0 = Debug|Win32
		{C42CA014-B164-4540-B883-1AAAEB768DEA}.Release|x64.ActiveCfg = Release|Win32
		{C42CA014-B164-4540-B883-1AAAEB768DEA}.Release|x86.ActiveCfg = Release|Win32
		{C42CA014-B164-4540-B883-1AAAEB768DEA}.Release|x86.Build.0 = Release|Win32
	EndGlobalSection
	GlobalSection(SolutionProperties) = preSolution
		HideSolutionNode = FALSE
	EndGlobalSection
EndGlobal
