<?xml version="1.0" encoding="utf-8"?>
<Project ToolsVersion="4.0" xmlns="http://schemas.microsoft.com/developer/msbuild/2003">
  <ItemGroup>
    <Filter Include="Source Files">
      <UniqueIdentifier>{4FC737F1-C7A5-4376-A066-2A32D752A2FF}</UniqueIdentifier>
      <Extensions>cpp;c;cc;cxx;def;odl;idl;hpj;bat;asm;asmx</Extensions>
    </Filter>
    <Filter Include="Header Files">
      <UniqueIdentifier>{93995380-89BD-4b04-88EB-625FBE52EBFB}</UniqueIdentifier>
      <Extensions>h;hpp;hxx;hm;inl;inc;xsd</Extensions>
    </Filter>
    <Filter Include="Resource Files">
      <UniqueIdentifier>{67DA6AB6-F800-4c08-8B7A-83BB121AAD01}</UniqueIdentifier>
      <Extensions>rc;ico;cur;bmp;dlg;rc2;rct;bin;rgs;gif;jpg;jpeg;jpe;resx;tiff;tif;png;wav;mfcribbon-ms</Extensions>
    </Filter>
    <Filter Include="Header Files\Devices &amp; Libraries">
      <UniqueIdentifier>{66772776-d661-41e7-adc2-e6575132cff4}</UniqueIdentifier>
    </Filter>
    <Filter Include="Header Files\Factories">
      <UniqueIdentifier>{abcd008d-e3ac-4bd1-9fb6-3b8c5bee9c66}</UniqueIdentifier>
    </Filter>
    <Filter Include="Header Files\Objects">
      <UniqueIdentifier>{0ee4cdc9-b5b5-4614-a35a-2282cdb0fc85}</UniqueIdentifier>
    </Filter>
    <Filter Include="Source Files\Devices &amp; Libraries">
      <UniqueIdentifier>{e64746cd-312d-405d-ad57-5c8c1423bc31}</UniqueIdentifier>
    </Filter>
    <Filter Include="Source Files\Factories">
      <UniqueIdentifier>{fc3ed8a6-b1fa-4118-bf76-92de58098f89}</UniqueIdentifier>
    </Filter>
    <Filter Include="Source Files\Objects">
      <UniqueIdentifier>{a87b1f08-8da7-4073-a08f-7a0dbb88e9fc}</UniqueIdentifier>
    </Filter>
    <Filter Include="Header Files\Components">
      <UniqueIdentifier>{90c3f904-56f6-4095-8b93-f8ebdda49c01}</UniqueIdentifier>
    </Filter>
    <Filter Include="Source Files\Components">
      <UniqueIdentifier>{fe203741-38fe-4878-b4f5-83c35b63ca13}</UniqueIdentifier>
    </Filter>
  </ItemGroup>
  <ItemGroup>
    <ClCompile Include="Source\Source.cpp">
      <Filter>Source Files</Filter>
    </ClCompile>
    <ClCompile Include="Source\Timer.cpp">
      <Filter>Source Files\Devices &amp; Libraries</Filter>
    </ClCompile>
    <ClCompile Include="Source\tinyxml\tinystr.cpp">
      <Filter>Source Files\Devices &amp; Libraries</Filter>
    </ClCompile>
    <ClCompile Include="Source\tinyxml\tinyxml.cpp">
      <Filter>Source Files\Devices &amp; Libraries</Filter>
    </ClCompile>
    <ClCompile Include="Source\tinyxml\tinyxmlerror.cpp">
      <Filter>Source Files\Devices &amp; Libraries</Filter>
    </ClCompile>
    <ClCompile Include="Source\tinyxml\tinyxmlparser.cpp">
      <Filter>Source Files\Devices &amp; Libraries</Filter>
    </ClCompile>
    <ClCompile Include="Source\GraphicsDevice.cpp">
      <Filter>Source Files\Devices &amp; Libraries</Filter>
    </ClCompile>
    <ClCompile Include="Source\Game.cpp">
      <Filter>Source Files</Filter>
    </ClCompile>
    <ClCompile Include="Source\Object.cpp">
      <Filter>Source Files\Objects</Filter>
    </ClCompile>
    <ClCompile Include="Source\Texture.cpp">
      <Filter>Source Files</Filter>
    </ClCompile>
    <ClCompile Include="Source\InputDevice.cpp">
      <Filter>Source Files\Devices &amp; Libraries</Filter>
    </ClCompile>
    <ClCompile Include="Source\View.cpp">
      <Filter>Source Files</Filter>
    </ClCompile>
    <ClCompile Include="Source\ObjectFactory.cpp">
      <Filter>Source Files\Factories</Filter>
    </ClCompile>
    <ClCompile Include="Source\SpriteComponent.cpp">
      <Filter>Source Files\Components</Filter>
    </ClCompile>
    <ClCompile Include="Source\Component.cpp">
      <Filter>Source Files\Components</Filter>
    </ClCompile>
    <ClCompile Include="Source\PlayerInputComponent.cpp">
      <Filter>Source Files\Components</Filter>
    </ClCompile>
    <ClCompile Include="Source\BodyComponent.cpp">
      <Filter>Source Files\Components</Filter>
    </ClCompile>
    <ClCompile Include="Source\SlideBehaviorComponent.cpp">
      <Filter>Source Files\Components</Filter>
    </ClCompile>
    <ClCompile Include="Source\CircleBehaviorComponent.cpp">
      <Filter>Source Files\Components</Filter>
    </ClCompile>
    <ClCompile Include="Source\ProjectileComponent.cpp">
      <Filter>Source Files\Components</Filter>
    </ClCompile>
    <ClCompile Include="Source\PhysicsDevice.cpp">
      <Filter>Source Files\Devices &amp; Libraries</Filter>
    </ClCompile>
    <ClCompile Include="Source\AssetLibrary.cpp">
      <Filter>Source Files\Devices &amp; Libraries</Filter>
    </ClCompile>
    <ClCompile Include="Source\ContactListener.cpp">
      <Filter>Source Files</Filter>
    </ClCompile>
    <ClCompile Include="Source\HealthComponent.cpp">
      <Filter>Source Files\Components</Filter>
    </ClCompile>
  </ItemGroup>
  <ItemGroup>
    <ClInclude Include="Source\Timer.h">
      <Filter>Header Files\Devices &amp; Libraries</Filter>
    </ClInclude>
    <ClInclude Include="Source\tinyxml\tinystr.h">
      <Filter>Header Files\Devices &amp; Libraries</Filter>
    </ClInclude>
    <ClInclude Include="Source\tinyxml\tinyxml.h">
      <Filter>Header Files\Devices &amp; Libraries</Filter>
    </ClInclude>
    <ClInclude Include="Source\GraphicsDevice.h">
      <Filter>Header Files\Devices &amp; Libraries</Filter>
    </ClInclude>
    <ClInclude Include="Source\InputDevice.h">
      <Filter>Header Files\Devices &amp; Libraries</Filter>
    </ClInclude>
    <ClInclude Include="Source\Object.h">
      <Filter>Header Files\Objects</Filter>
    </ClInclude>
    <ClInclude Include="Source\ObjectFactory.h">
      <Filter>Header Files\Factories</Filter>
    </ClInclude>
    <ClInclude Include="Source\Definitions.h">
      <Filter>Header Files\Devices &amp; Libraries</Filter>
    </ClInclude>
    <ClInclude Include="Source\Game.h">
      <Filter>Header Files</Filter>
    </ClInclude>
    <ClInclude Include="Source\View.h">
      <Filter>Header Files</Filter>
    </ClInclude>
    <ClInclude Include="Source\Texture.h">
      <Filter>Header Files</Filter>
    </ClInclude>
    <ClInclude Include="Source\Component.h">
      <Filter>Header Files\Components</Filter>
    </ClInclude>
    <ClInclude Include="Source\SpriteComponent.h">
      <Filter>Header Files\Components</Filter>
    </ClInclude>
    <ClInclude Include="Source\BodyComponent.h">
      <Filter>Header Files\Components</Filter>
    </ClInclude>
    <ClInclude Include="Source\PlayerInputComponent.h">
      <Filter>Header Files\Components</Filter>
    </ClInclude>
    <ClInclude Include="Source\SlideBehaviorComponent.h">
      <Filter>Header Files\Components</Filter>
    </ClInclude>
    <ClInclude Include="Source\CircleBehaviorComponent.h">
      <Filter>Header Files\Components</Filter>
    </ClInclude>
    <ClInclude Include="Source\GameFunctions.h">
      <Filter>Header Files</Filter>
    </ClInclude>
    <ClInclude Include="Source\ProjectileComponent.h">
      <Filter>Header Files\Components</Filter>
    </ClInclude>
    <ClInclude Include="Source\PhysicsDevice.h">
      <Filter>Header Files\Devices &amp; Libraries</Filter>
    </ClInclude>
    <ClInclude Include="Source\AssetLibrary.h">
      <Filter>Header Files\Devices &amp; Libraries</Filter>
    </ClInclude>
    <ClInclude Include="Source\ContactListener.h">
      <Filter>Header Files</Filter>
    </ClInclude>
    <ClInclude Include="Source\HealthComponent.h">
      <Filter>Header Files\Components</Filter>
    </ClInclude>
  </ItemGroup>
  <ItemGroup>
    <Image Include="Assets\Images\leever_b.png">
      <Filter>Resource Files</Filter>
    </Image>
    <Image Include="Assets\Images\leever_r.png">
      <Filter>Resource Files</Filter>
    </Image>
    <Image Include="Assets\Images\octorok_b.png">
      <Filter>Resource Files</Filter>
    </Image>
    <Image Include="Assets\Images\octorok_r.png">
      <Filter>Resource Files</Filter>
    </Image>
    <Image Include="Assets\Images\arrow.png">
      <Filter>Resource Files</Filter>
    </Image>
    <Image Include="Assets\Images\link_d.png">
      <Filter>Resource Files</Filter>
    </Image>
    <Image Include="Assets\Images\link_l.png">
      <Filter>Resource Files</Filter>
    </Image>
    <Image Include="Assets\Images\link_r.png">
      <Filter>Resource Files</Filter>
    </Image>
    <Image Include="Assets\Images\link_u.png">
      <Filter>Resource Files</Filter>
    </Image>
    <Image Include="Assets\Images\rock.png">
      <Filter>Resource Files</Filter>
    </Image>
  </ItemGroup>
  <ItemGroup>
    <Xml Include="Assets\Config\level1.xml">
      <Filter>Resource Files</Filter>
    </Xml>
    <Xml Include="Assets\Config\level2.xml">
      <Filter>Resource Files</Filter>
    </Xml>
    <Xml Include="Assets\Config\objects.xml">
      <Filter>Resource Files</Filter>
    </Xml>
    <Xml Include="Assets\Config\physics.xml">
      <Filter>Resource Files</Filter>
    </Xml>
  </ItemGroup>
</Project>