<?xml version="1.0" encoding="utf-8"?>
<Project ToolsVersion="4.0" xmlns="http://schemas.microsoft.com/developer/msbuild/2003">
  <ItemGroup>
    <Filter Include="Source Files">
      <UniqueIdentifier>{4FC737F1-C7A5-4376-A066-2A32D752A2FF}</UniqueIdentifier>
      <Extensions>cpp;c;cc;cxx;def;odl;idl;hpj;bat;asm;asmx</Extensions>
    </Filter>
    <Filter Include="Header Files">
      <UniqueIdentifier>{93995380-89BD-4b04-88EB-625FBE52EBFB}</UniqueIdentifier>
      <Extensions>h;hpp;hxx;hm;inl;inc;xsd</Extensions>
    </Filter>
    <Filter Include="Resource Files">
      <UniqueIdentifier>{67DA6AB6-F800-4c08-8B7A-83BB121AAD01}</UniqueIdentifier>
      <Extensions>rc;ico;cur;bmp;dlg;rc2;rct;bin;rgs;gif;jpg;jpeg;jpe;resx;tiff;tif;png;wav;mfcribbon-ms</Extensions>
    </Filter>
    <Filter Include="Header Files\Devices &amp; Libraries">
      <UniqueIdentifier>{66772776-d661-41e7-adc2-e6575132cff4}</UniqueIdentifier>
    </Filter>
    <Filter Include="Header Files\Factories">
      <UniqueIdentifier>{abcd008d-e3ac-4bd1-9fb6-3b8c5bee9c66}</UniqueIdentifier>
    </Filter>
    <Filter Include="Header Files\Objects">
      <UniqueIdentifier>{0ee4cdc9-b5b5-4614-a35a-2282cdb0fc85}</UniqueIdentifier>
    </Filter>
    <Filter Include="Source Files\Devices &amp; Libraries">
      <UniqueIdentifier>{e64746cd-312d-405d-ad57-5c8c1423bc31}</UniqueIdentifier>
    </Filter>
    <Filter Include="Source Files\Factories">
      <UniqueIdentifier>{fc3ed8a6-b1fa-4118-bf76-92de58098f89}</UniqueIdentifier>
    </Filter>
    <Filter Include="Source Files\Objects">
      <UniqueIdentifier>{a87b1f08-8da7-4073-a08f-7a0dbb88e9fc}</UniqueIdentifier>
    </Filter>
  </ItemGroup>
  <ItemGroup>
    <ClCompile Include="Source\Source.cpp">
      <Filter>Source Files</Filter>
    </ClCompile>
    <ClCompile Include="Source\Timer.cpp">
      <Filter>Source Files\Devices &amp; Libraries</Filter>
    </ClCompile>
    <ClCompile Include="Source\tinyxml\tinystr.cpp">
      <Filter>Source Files\Devices &amp; Libraries</Filter>
    </ClCompile>
    <ClCompile Include="Source\tinyxml\tinyxml.cpp">
      <Filter>Source Files\Devices &amp; Libraries</Filter>
    </ClCompile>
    <ClCompile Include="Source\tinyxml\tinyxmlerror.cpp">
      <Filter>Source Files\Devices &amp; Libraries</Filter>
    </ClCompile>
    <ClCompile Include="Source\tinyxml\tinyxmlparser.cpp">
      <Filter>Source Files\Devices &amp; Libraries</Filter>
    </ClCompile>
    <ClCompile Include="Source\GraphicsDevice.cpp">
      <Filter>Source Files\Devices &amp; Libraries</Filter>
    </ClCompile>
    <ClCompile Include="Source\Game.cpp">
      <Filter>Source Files</Filter>
    </ClCompile>
    <ClCompile Include="Source\Object.cpp">
      <Filter>Source Files\Objects</Filter>
    </ClCompile>
    <ClCompile Include="Source\Texture.cpp">
      <Filter>Source Files</Filter>
    </ClCompile>
    <ClCompile Include="Source\BlueOctorok.cpp">
      <Filter>Source Files\Objects</Filter>
    </ClCompile>
    <ClCompile Include="Source\RedOctorok.cpp">
      <Filter>Source Files\Objects</Filter>
    </ClCompile>
    <ClCompile Include="Source\BlueLeever.cpp">
      <Filter>Source Files\Objects</Filter>
    </ClCompile>
    <ClCompile Include="Source\RedLeever.cpp">
      <Filter>Source Files\Objects</Filter>
    </ClCompile>
    <ClCompile Include="Source\InputDevice.cpp">
      <Filter>Source Files\Devices &amp; Libraries</Filter>
    </ClCompile>
    <ClCompile Include="Source\ArtAssetLibrary.cpp">
      <Filter>Source Files\Devices &amp; Libraries</Filter>
    </ClCompile>
    <ClCompile Include="Source\GameAssetLibrary.cpp">
      <Filter>Source Files\Devices &amp; Libraries</Filter>
    </ClCompile>
    <ClCompile Include="Source\View.cpp">
      <Filter>Source Files</Filter>
    </ClCompile>
    <ClCompile Include="Source\RedOctorokFactory.cpp">
      <Filter>Source Files\Factories</Filter>
    </ClCompile>
    <ClCompile Include="Source\BlueLeeverFactory.cpp">
      <Filter>Source Files\Factories</Filter>
    </ClCompile>
    <ClCompile Include="Source\BlueOctorokFactory.cpp">
      <Filter>Source Files\Factories</Filter>
    </ClCompile>
    <ClCompile Include="Source\RedLeeverFactory.cpp">
      <Filter>Source Files\Factories</Filter>
    </ClCompile>
    <ClCompile Include="Source\ObjectFactory.cpp">
      <Filter>Source Files\Factories</Filter>
    </ClCompile>
  </ItemGroup>
  <ItemGroup>
    <ClInclude Include="Source\Timer.h">
      <Filter>Header Files\Devices &amp; Libraries</Filter>
    </ClInclude>
    <ClInclude Include="Source\tinyxml\tinystr.h">
      <Filter>Header Files\Devices &amp; Libraries</Filter>
    </ClInclude>
    <ClInclude Include="Source\tinyxml\tinyxml.h">
      <Filter>Header Files\Devices &amp; Libraries</Filter>
    </ClInclude>
    <ClInclude Include="Source\ArtAssetLibrary.h">
      <Filter>Header Files\Devices &amp; Libraries</Filter>
    </ClInclude>
    <ClInclude Include="Source\GameAssetLibrary.h">
      <Filter>Header Files\Devices &amp; Libraries</Filter>
    </ClInclude>
    <ClInclude Include="Source\GraphicsDevice.h">
      <Filter>Header Files\Devices &amp; Libraries</Filter>
    </ClInclude>
    <ClInclude Include="Source\InputDevice.h">
      <Filter>Header Files\Devices &amp; Libraries</Filter>
    </ClInclude>
    <ClInclude Include="Source\Object.h">
      <Filter>Header Files\Objects</Filter>
    </ClInclude>
    <ClInclude Include="Source\ObjectFactory.h">
      <Filter>Header Files\Factories</Filter>
    </ClInclude>
    <ClInclude Include="Source\Definitions.h">
      <Filter>Header Files\Devices &amp; Libraries</Filter>
    </ClInclude>
    <ClInclude Include="Source\Game.h">
      <Filter>Header Files</Filter>
    </ClInclude>
    <ClInclude Include="Source\View.h">
      <Filter>Header Files</Filter>
    </ClInclude>
    <ClInclude Include="Source\Texture.h">
      <Filter>Header Files</Filter>
    </ClInclude>
    <ClInclude Include="Source\BlueOctorok.h">
      <Filter>Header Files\Objects</Filter>
    </ClInclude>
    <ClInclude Include="Source\RedOctorok.h">
      <Filter>Header Files\Objects</Filter>
    </ClInclude>
    <ClInclude Include="Source\BlueLeever.h">
      <Filter>Header Files\Objects</Filter>
    </ClInclude>
    <ClInclude Include="Source\RedLeever.h">
      <Filter>Header Files\Objects</Filter>
    </ClInclude>
    <ClInclude Include="Source\RedOctorokFactory.h">
      <Filter>Header Files\Factories</Filter>
    </ClInclude>
    <ClInclude Include="Source\RedLeeverFactory.h">
      <Filter>Header Files\Factories</Filter>
    </ClInclude>
    <ClInclude Include="Source\BlueOctorokFactory.h">
      <Filter>Header Files\Factories</Filter>
    </ClInclude>
    <ClInclude Include="Source\BlueLeeverFactory.h">
      <Filter>Header Files\Factories</Filter>
    </ClInclude>
  </ItemGroup>
  <ItemGroup>
    <Image Include="Assets\Images\leever_b.png">
      <Filter>Resource Files</Filter>
    </Image>
    <Image Include="Assets\Images\leever_r.png">
      <Filter>Resource Files</Filter>
    </Image>
    <Image Include="Assets\Images\octorok_b.png">
      <Filter>Resource Files</Filter>
    </Image>
    <Image Include="Assets\Images\octorok_r.png">
      <Filter>Resource Files</Filter>
    </Image>
  </ItemGroup>
  <ItemGroup>
    <Xml Include="Assets\Config\level1.xml">
      <Filter>Resource Files</Filter>
    </Xml>
    <Xml Include="Assets\Config\level2.xml">
      <Filter>Resource Files</Filter>
    </Xml>
    <Xml Include="Assets\Config\objects.xml">
      <Filter>Resource Files</Filter>
    </Xml>
  </ItemGroup>
</Project>